
Microsoft Visual Studio Solution File, Format Version 12.00
Project("{2150E333-8FDC-42A3-9474-1A3956D46DE8}") = "src", "src", "{D46B883D-7E8B-4A53-A2A4-2226EA90CABB}"
EndProject
Project("{2150E333-8FDC-42A3-9474-1A3956D46DE8}") = "test", "test", "{2502208E-F2D7-4A4B-B9AA-CD5E54B28CBA}"
EndProject
Project("{FAE04EC0-301F-11D3-BF4B-00C04F79EFBC}") = "TeamCubing.BLL.UnitTests", "test\TeamCubing.BLL.UnitTests\TeamCubing.BLL.UnitTests.csproj", "{A84E1AF6-73A8-4C99-91E4-4FE3A3AD84FE}"
EndProject
Project("{FAE04EC0-301F-11D3-BF4B-00C04F79EFBC}") = "TeamCubing.API", "src\TeamCubing.API\TeamCubing.API.csproj", "{5A518EFD-5F75-4012-892B-CF997E3569D1}"
EndProject
Project("{FAE04EC0-301F-11D3-BF4B-00C04F79EFBC}") = "TeamCubing.BLL", "src\TeamCubing.BLL\TeamCubing.BLL.csproj", "{B985ABEF-59AC-4D62-9311-50842D80FBD2}"
EndProject
Project("{FAE04EC0-301F-11D3-BF4B-00C04F79EFBC}") = "TeamCubing.DAL", "src\TeamCubing.DAL\TeamCubing.DAL.csproj", "{E2665E16-E4CC-4B9E-A685-2D9EA9505F3D}"
EndProject
Project("{FAE04EC0-301F-11D3-BF4B-00C04F79EFBC}") = "TeamCubing.Domain", "src\TeamCubing.Domain\TeamCubing.Domain.csproj", "{FEA8890F-7607-41E7-BB67-18428D04A0C3}"
EndProject
Project("{FAE04EC0-301F-11D3-BF4B-00C04F79EFBC}") = "WcaScrambler", "src\WcaScrambler\WcaScrambler.csproj", "{1F036ADF-D001-4BCF-9D4A-ACF31376D059}"
EndProject
Global
	GlobalSection(SolutionConfigurationPlatforms) = preSolution
		Debug|Any CPU = Debug|Any CPU
		Release|Any CPU = Release|Any CPU
	EndGlobalSection
	GlobalSection(ProjectConfigurationPlatforms) = postSolution
		{A84E1AF6-73A8-4C99-91E4-4FE3A3AD84FE}.Debug|Any CPU.ActiveCfg = Debug|Any CPU
		{A84E1AF6-73A8-4C99-91E4-4FE3A3AD84FE}.Debug|Any CPU.Build.0 = Debug|Any CPU
		{A84E1AF6-73A8-4C99-91E4-4FE3A3AD84FE}.Release|Any CPU.ActiveCfg = Release|Any CPU
		{A84E1AF6-73A8-4C99-91E4-4FE3A3AD84FE}.Release|Any CPU.Build.0 = Release|Any CPU
		{5A518EFD-5F75-4012-892B-CF997E3569D1}.Debug|Any CPU.ActiveCfg = Debug|Any CPU
		{5A518EFD-5F75-4012-892B-CF997E3569D1}.Debug|Any CPU.Build.0 = Debug|Any CPU
		{5A518EFD-5F75-4012-892B-CF997E3569D1}.Release|Any CPU.ActiveCfg = Release|Any CPU
		{5A518EFD-5F75-4012-892B-CF997E3569D1}.Release|Any CPU.Build.0 = Release|Any CPU
		{B985ABEF-59AC-4D62-9311-50842D80FBD2}.Debug|Any CPU.ActiveCfg = Debug|Any CPU
		{B985ABEF-59AC-4D62-9311-50842D80FBD2}.Debug|Any CPU.Build.0 = Debug|Any CPU
		{B985ABEF-59AC-4D62-9311-50842D80FBD2}.Release|Any CPU.ActiveCfg = Release|Any CPU
		{B985ABEF-59AC-4D62-9311-50842D80FBD2}.Release|Any CPU.Build.0 = Release|Any CPU
		{E2665E16-E4CC-4B9E-A685-2D9EA9505F3D}.Debug|Any CPU.ActiveCfg = Debug|Any CPU
		{E2665E16-E4CC-4B9E-A685-2D9EA9505F3D}.Debug|Any CPU.Build.0 = Debug|Any CPU
		{E2665E16-E4CC-4B9E-A685-2D9EA9505F3D}.Release|Any CPU.ActiveCfg = Release|Any CPU
		{E2665E16-E4CC-4B9E-A685-2D9EA9505F3D}.Release|Any CPU.Build.0 = Release|Any CPU
		{FEA8890F-7607-41E7-BB67-18428D04A0C3}.Debug|Any CPU.ActiveCfg = Debug|Any CPU
		{FEA8890F-7607-41E7-BB67-18428D04A0C3}.Debug|Any CPU.Build.0 = Debug|Any CPU
		{FEA8890F-7607-41E7-BB67-18428D04A0C3}.Release|Any CPU.ActiveCfg = Release|Any CPU
		{FEA8890F-7607-41E7-BB67-18428D04A0C3}.Release|Any CPU.Build.0 = Release|Any CPU
		{1F036ADF-D001-4BCF-9D4A-ACF31376D059}.Debug|Any CPU.ActiveCfg = Debug|Any CPU
		{1F036ADF-D001-4BCF-9D4A-ACF31376D059}.Debug|Any CPU.Build.0 = Debug|Any CPU
		{1F036ADF-D001-4BCF-9D4A-ACF31376D059}.Release|Any CPU.ActiveCfg = Release|Any CPU
		{1F036ADF-D001-4BCF-9D4A-ACF31376D059}.Release|Any CPU.Build.0 = Release|Any CPU
	EndGlobalSection
	GlobalSection(NestedProjects) = preSolution
		{A84E1AF6-73A8-4C99-91E4-4FE3A3AD84FE} = {2502208E-F2D7-4A4B-B9AA-CD5E54B28CBA}
		{5A518EFD-5F75-4012-892B-CF997E3569D1} = {D46B883D-7E8B-4A53-A2A4-2226EA90CABB}
		{B985ABEF-59AC-4D62-9311-50842D80FBD2} = {D46B883D-7E8B-4A53-A2A4-2226EA90CABB}
		{E2665E16-E4CC-4B9E-A685-2D9EA9505F3D} = {D46B883D-7E8B-4A53-A2A4-2226EA90CABB}
		{FEA8890F-7607-41E7-BB67-18428D04A0C3} = {D46B883D-7E8B-4A53-A2A4-2226EA90CABB}
		{1F036ADF-D001-4BCF-9D4A-ACF31376D059} = {D46B883D-7E8B-4A53-A2A4-2226EA90CABB}
	EndGlobalSection
EndGlobal
